{
  "name": ".markscode",
  "lockfileVersion": 3,
  "requires": true,
  "packages": {
    "": {
      "dependencies": {
        "@opencode-ai/plugin": "1.0.9"
      }
    },
    "node_modules/@opencode-ai/plugin": {
      "version": "1.0.9",
      "resolved": "https://registry.npmjs.org/@opencode-ai/plugin/-/plugin-1.0.9.tgz",
      "integrity": "sha512-/RIDTVYy9AGnP+13H9oT/GlKqQODzvWtNpsrBx9oHRrW6jdnsd3x5gCqhXaTbxeccYLGsYgUezvAD1jKfMiemw==",
      "dependencies": {
        "@opencode-ai/sdk": "1.0.9",
        "zod": "4.1.8"
      }
    },
    "node_modules/@opencode-ai/sdk": {
      "version": "1.0.9",
      "resolved": "https://registry.npmjs.org/@opencode-ai/sdk/-/sdk-1.0.9.tgz",
      "integrity": "sha512-HULTxw4N1GZ9v5FsA5dgNlqD0mnha/0qbckjkjmS4jpDalMmWLTF6zwXo1D4isIgSkZiDflLDImjrCLZEI+nHw=="
    },
    "node_modules/zod": {
      "version": "4.1.8",
      "license": "MIT",
      "funding": {
        "url": "https://github.com/sponsors/colinhacks"
      }
    }
  }
}
